
Microsoft Visual Studio Solution File, Format Version 12.00
# Visual Studio Version 17
VisualStudioVersion = 17.4.33110.190
MinimumVisualStudioVersion = 10.0.40219.1
Project("{8BC9CEB8-8B4A-11D0-8D11-00A0C91BC942}") = "Graficas computacionales", "Graficas computacionales\Graficas computacionales.vcxproj", "{D657353E-0BBA-403C-B4A2-51F3609370BB}"
EndProject
Project("{8BC9CEB8-8B4A-11D0-8D11-00A0C91BC942}") = "D3DWnd", "D3DWnd\D3DWnd.vcxproj", "{FD01DA4C-213C-4913-92BC-EFA30EA1D486}"
EndProject
Global
	GlobalSection(SolutionConfigurationPlatforms) = preSolution
		Debug OPGL|x64 = Debug OPGL|x64
		Debug OPGL|x86 = Debug OPGL|x86
		Debug|x64 = Debug|x64
		Debug|x86 = Debug|x86
		Release|x64 = Release|x64
		Release|x86 = Release|x86
	EndGlobalSection
	GlobalSection(ProjectConfigurationPlatforms) = postSolution
		{D657353E-0BBA-403C-B4A2-51F3609370BB}.Debug OPGL|x64.ActiveCfg = Debug OPGL|x64
		{D657353E-0BBA-403C-B4A2-51F3609370BB}.Debug OPGL|x64.Build.0 = Debug OPGL|x64
		{D657353E-0BBA-403C-B4A2-51F3609370BB}.Debug OPGL|x86.ActiveCfg = Debug OPGL|Win32
		{D657353E-0BBA-403C-B4A2-51F3609370BB}.Debug OPGL|x86.Build.0 = Debug OPGL|Win32
		{D657353E-0BBA-403C-B4A2-51F3609370BB}.Debug|x64.ActiveCfg = Debug|x64
		{D657353E-0BBA-403C-B4A2-51F3609370BB}.Debug|x64.Build.0 = Debug|x64
		{D657353E-0BBA-403C-B4A2-51F3609370BB}.Debug|x86.ActiveCfg = Debug|Win32
		{D657353E-0BBA-403C-B4A2-51F3609370BB}.Debug|x86.Build.0 = Debug|Win32
		{D657353E-0BBA-403C-B4A2-51F3609370BB}.Release|x64.ActiveCfg = Release|x64
		{D657353E-0BBA-403C-B4A2-51F3609370BB}.Release|x64.Build.0 = Release|x64
		{D657353E-0BBA-403C-B4A2-51F3609370BB}.Release|x86.ActiveCfg = Release|Win32
		{D657353E-0BBA-403C-B4A2-51F3609370BB}.Release|x86.Build.0 = Release|Win32
		{FD01DA4C-213C-4913-92BC-EFA30EA1D486}.Debug OPGL|x64.ActiveCfg = Debug OPGL|x64
		{FD01DA4C-213C-4913-92BC-EFA30EA1D486}.Debug OPGL|x64.Build.0 = Debug OPGL|x64
		{FD01DA4C-213C-4913-92BC-EFA30EA1D486}.Debug OPGL|x86.ActiveCfg = Debug OPGL|Win32
		{FD01DA4C-213C-4913-92BC-EFA30EA1D486}.Debug OPGL|x86.Build.0 = Debug OPGL|Win32
		{FD01DA4C-213C-4913-92BC-EFA30EA1D486}.Debug|x64.ActiveCfg = Debug|x64
		{FD01DA4C-213C-4913-92BC-EFA30EA1D486}.Debug|x64.Build.0 = Debug|x64
		{FD01DA4C-213C-4913-92BC-EFA30EA1D486}.Debug|x86.ActiveCfg = Debug|Win32
		{FD01DA4C-213C-4913-92BC-EFA30EA1D486}.Debug|x86.Build.0 = Debug|Win32
		{FD01DA4C-213C-4913-92BC-EFA30EA1D486}.Release|x64.ActiveCfg = Release|x64
		{FD01DA4C-213C-4913-92BC-EFA30EA1D486}.Release|x64.Build.0 = Release|x64
		{FD01DA4C-213C-4913-92BC-EFA30EA1D486}.Release|x86.ActiveCfg = Release|Win32
		{FD01DA4C-213C-4913-92BC-EFA30EA1D486}.Release|x86.Build.0 = Release|Win32
	EndGlobalSection
	GlobalSection(SolutionProperties) = preSolution
		HideSolutionNode = FALSE
	EndGlobalSection
	GlobalSection(ExtensibilityGlobals) = postSolution
		SolutionGuid = {8A839AD9-D2D6-4399-8481-5A8109BDB60F}
	EndGlobalSection
EndGlobal
